
Microsoft Visual Studio Solution File, Format Version 12.00
# Visual Studio Version 17
VisualStudioVersion = 17.0.31903.59
MinimumVisualStudioVersion = 10.0.40219.1
Project("{FAE04EC0-301F-11D3-BF4B-00C04F79EFBC}") = "Micube.MCP.Server", "Micube.MCP.Server\Micube.MCP.Server.csproj", "{7CB52743-B4D1-4A56-A8CE-E827340D8B3B}"
EndProject
Project("{FAE04EC0-301F-11D3-BF4B-00C04F79EFBC}") = "Micube.MCP.Core", "Micube.MCP.Core\Micube.MCP.Core.csproj", "{0029F61D-D0F6-4C66-AFCE-C8C789B951AE}"
EndProject
Project("{2150E333-8FDC-42A3-9474-1A3956D46DE8}") = "Tools", "Tools", "{5890FEC5-2A3A-40D1-B2E1-5BC93B71A653}"
EndProject
Project("{FAE04EC0-301F-11D3-BF4B-00C04F79EFBC}") = "SampleTools", "Tools\SampleTools\SampleTools.csproj", "{616ABE1D-71D9-4AAF-B2E1-104DA951F339}"
EndProject
Project("{FAE04EC0-301F-11D3-BF4B-00C04F79EFBC}") = "Micube.MCP.SDK", "Micube.MCP.SDK\Micube.MCP.SDK.csproj", "{0D9E97FF-C2C1-4A45-B706-360DD2CEA9C4}"
EndProject
Project("{FAE04EC0-301F-11D3-BF4B-00C04F79EFBC}") = "OracleDbTools", "Tools\OracleDbTools\OracleDbTools.csproj", "{4DF7CC01-1CFA-456E-8F8E-741D11172875}"
EndProject
Project("{FAE04EC0-301F-11D3-BF4B-00C04F79EFBC}") = "Micube.MCP.Validator", "Micube.MCP.Validator\Micube.MCP.Validator.csproj", "{FFA39844-83EA-463B-B237-7F041EC48C6C}"
EndProject
Project("{2150E333-8FDC-42A3-9474-1A3956D46DE8}") = "Streamable", "Streamable", "{9C82F70F-0C04-9B38-DEAC-7E6221A99689}"
EndProject
Project("{FAE04EC0-301F-11D3-BF4B-00C04F79EFBC}") = "Micube.MCP.Core.Streamable", "Streamable\Micube.MCP.Core.Streamable\Micube.MCP.Core.Streamable.csproj", "{A66147B4-2DFA-479C-BB7E-67FF0896697D}"
EndProject
Project("{FAE04EC0-301F-11D3-BF4B-00C04F79EFBC}") = "Micube.MCP.SDK.Streamable", "Streamable\Micube.MCP.SDK.Streamable\Micube.MCP.SDK.Streamable.csproj", "{1497FB2D-3F5A-4A85-B3EC-AA5F812BEE2E}"
EndProject
Project("{FAE04EC0-301F-11D3-BF4B-00C04F79EFBC}") = "Micube.MCP.Server.Streamable", "Streamable\Micube.MCP.Server.Streamable\Micube.MCP.Server.Streamable.csproj", "{C2E61618-6FA8-49B7-A047-360041EE1348}"
EndProject
Project("{2150E333-8FDC-42A3-9474-1A3956D46DE8}") = "StreamableTools", "StreamableTools", "{FFC8597C-B27A-5F47-7177-2BCEF6AF596E}"
EndProject
Project("{FAE04EC0-301F-11D3-BF4B-00C04F79EFBC}") = "SampleStreamableTools", "Streamable\StreamableTools\SampleStreamableTools\SampleStreamableTools.csproj", "{975D5135-16B6-419B-8F54-99FAD9D3AC1F}"
EndProject
Global
	GlobalSection(SolutionConfigurationPlatforms) = preSolution
		Debug|Any CPU = Debug|Any CPU
		Debug|x64 = Debug|x64
		Debug|x86 = Debug|x86
		Release|Any CPU = Release|Any CPU
		Release|x64 = Release|x64
		Release|x86 = Release|x86
	EndGlobalSection
	GlobalSection(ProjectConfigurationPlatforms) = postSolution
		{7CB52743-B4D1-4A56-A8CE-E827340D8B3B}.Debug|Any CPU.ActiveCfg = Debug|Any CPU
		{7CB52743-B4D1-4A56-A8CE-E827340D8B3B}.Debug|Any CPU.Build.0 = Debug|Any CPU
		{7CB52743-B4D1-4A56-A8CE-E827340D8B3B}.Debug|x64.ActiveCfg = Debug|Any CPU
		{7CB52743-B4D1-4A56-A8CE-E827340D8B3B}.Debug|x64.Build.0 = Debug|Any CPU
		{7CB52743-B4D1-4A56-A8CE-E827340D8B3B}.Debug|x86.ActiveCfg = Debug|Any CPU
		{7CB52743-B4D1-4A56-A8CE-E827340D8B3B}.Debug|x86.Build.0 = Debug|Any CPU
		{7CB52743-B4D1-4A56-A8CE-E827340D8B3B}.Release|Any CPU.ActiveCfg = Release|Any CPU
		{7CB52743-B4D1-4A56-A8CE-E827340D8B3B}.Release|Any CPU.Build.0 = Release|Any CPU
		{7CB52743-B4D1-4A56-A8CE-E827340D8B3B}.Release|x64.ActiveCfg = Release|Any CPU
		{7CB52743-B4D1-4A56-A8CE-E827340D8B3B}.Release|x64.Build.0 = Release|Any CPU
		{7CB52743-B4D1-4A56-A8CE-E827340D8B3B}.Release|x86.ActiveCfg = Release|Any CPU
		{7CB52743-B4D1-4A56-A8CE-E827340D8B3B}.Release|x86.Build.0 = Release|Any CPU
		{0029F61D-D0F6-4C66-AFCE-C8C789B951AE}.Debug|Any CPU.ActiveCfg = Debug|Any CPU
		{0029F61D-D0F6-4C66-AFCE-C8C789B951AE}.Debug|Any CPU.Build.0 = Debug|Any CPU
		{0029F61D-D0F6-4C66-AFCE-C8C789B951AE}.Debug|x64.ActiveCfg = Debug|Any CPU
		{0029F61D-D0F6-4C66-AFCE-C8C789B951AE}.Debug|x64.Build.0 = Debug|Any CPU
		{0029F61D-D0F6-4C66-AFCE-C8C789B951AE}.Debug|x86.ActiveCfg = Debug|Any CPU
		{0029F61D-D0F6-4C66-AFCE-C8C789B951AE}.Debug|x86.Build.0 = Debug|Any CPU
		{0029F61D-D0F6-4C66-AFCE-C8C789B951AE}.Release|Any CPU.ActiveCfg = Release|Any CPU
		{0029F61D-D0F6-4C66-AFCE-C8C789B951AE}.Release|Any CPU.Build.0 = Release|Any CPU
		{0029F61D-D0F6-4C66-AFCE-C8C789B951AE}.Release|x64.ActiveCfg = Release|Any CPU
		{0029F61D-D0F6-4C66-AFCE-C8C789B951AE}.Release|x64.Build.0 = Release|Any CPU
		{0029F61D-D0F6-4C66-AFCE-C8C789B951AE}.Release|x86.ActiveCfg = Release|Any CPU
		{0029F61D-D0F6-4C66-AFCE-C8C789B951AE}.Release|x86.Build.0 = Release|Any CPU
		{616ABE1D-71D9-4AAF-B2E1-104DA951F339}.Debug|Any CPU.ActiveCfg = Debug|Any CPU
		{616ABE1D-71D9-4AAF-B2E1-104DA951F339}.Debug|Any CPU.Build.0 = Debug|Any CPU
		{616ABE1D-71D9-4AAF-B2E1-104DA951F339}.Debug|x64.ActiveCfg = Debug|Any CPU
		{616ABE1D-71D9-4AAF-B2E1-104DA951F339}.Debug|x64.Build.0 = Debug|Any CPU
		{616ABE1D-71D9-4AAF-B2E1-104DA951F339}.Debug|x86.ActiveCfg = Debug|Any CPU
		{616ABE1D-71D9-4AAF-B2E1-104DA951F339}.Debug|x86.Build.0 = Debug|Any CPU
		{616ABE1D-71D9-4AAF-B2E1-104DA951F339}.Release|Any CPU.ActiveCfg = Release|Any CPU
		{616ABE1D-71D9-4AAF-B2E1-104DA951F339}.Release|Any CPU.Build.0 = Release|Any CPU
		{616ABE1D-71D9-4AAF-B2E1-104DA951F339}.Release|x64.ActiveCfg = Release|Any CPU
		{616ABE1D-71D9-4AAF-B2E1-104DA951F339}.Release|x64.Build.0 = Release|Any CPU
		{616ABE1D-71D9-4AAF-B2E1-104DA951F339}.Release|x86.ActiveCfg = Release|Any CPU
		{616ABE1D-71D9-4AAF-B2E1-104DA951F339}.Release|x86.Build.0 = Release|Any CPU
		{0D9E97FF-C2C1-4A45-B706-360DD2CEA9C4}.Debug|Any CPU.ActiveCfg = Debug|Any CPU
		{0D9E97FF-C2C1-4A45-B706-360DD2CEA9C4}.Debug|Any CPU.Build.0 = Debug|Any CPU
		{0D9E97FF-C2C1-4A45-B706-360DD2CEA9C4}.Debug|x64.ActiveCfg = Debug|Any CPU
		{0D9E97FF-C2C1-4A45-B706-360DD2CEA9C4}.Debug|x64.Build.0 = Debug|Any CPU
		{0D9E97FF-C2C1-4A45-B706-360DD2CEA9C4}.Debug|x86.ActiveCfg = Debug|Any CPU
		{0D9E97FF-C2C1-4A45-B706-360DD2CEA9C4}.Debug|x86.Build.0 = Debug|Any CPU
		{0D9E97FF-C2C1-4A45-B706-360DD2CEA9C4}.Release|Any CPU.ActiveCfg = Release|Any CPU
		{0D9E97FF-C2C1-4A45-B706-360DD2CEA9C4}.Release|Any CPU.Build.0 = Release|Any CPU
		{0D9E97FF-C2C1-4A45-B706-360DD2CEA9C4}.Release|x64.ActiveCfg = Release|Any CPU
		{0D9E97FF-C2C1-4A45-B706-360DD2CEA9C4}.Release|x64.Build.0 = Release|Any CPU
		{0D9E97FF-C2C1-4A45-B706-360DD2CEA9C4}.Release|x86.ActiveCfg = Release|Any CPU
		{0D9E97FF-C2C1-4A45-B706-360DD2CEA9C4}.Release|x86.Build.0 = Release|Any CPU
		{4DF7CC01-1CFA-456E-8F8E-741D11172875}.Debug|Any CPU.ActiveCfg = Debug|Any CPU
		{4DF7CC01-1CFA-456E-8F8E-741D11172875}.Debug|Any CPU.Build.0 = Debug|Any CPU
		{4DF7CC01-1CFA-456E-8F8E-741D11172875}.Debug|x64.ActiveCfg = Debug|Any CPU
		{4DF7CC01-1CFA-456E-8F8E-741D11172875}.Debug|x64.Build.0 = Debug|Any CPU
		{4DF7CC01-1CFA-456E-8F8E-741D11172875}.Debug|x86.ActiveCfg = Debug|Any CPU
		{4DF7CC01-1CFA-456E-8F8E-741D11172875}.Debug|x86.Build.0 = Debug|Any CPU
		{4DF7CC01-1CFA-456E-8F8E-741D11172875}.Release|Any CPU.ActiveCfg = Release|Any CPU
		{4DF7CC01-1CFA-456E-8F8E-741D11172875}.Release|Any CPU.Build.0 = Release|Any CPU
		{4DF7CC01-1CFA-456E-8F8E-741D11172875}.Release|x64.ActiveCfg = Release|Any CPU
		{4DF7CC01-1CFA-456E-8F8E-741D11172875}.Release|x64.Build.0 = Release|Any CPU
		{4DF7CC01-1CFA-456E-8F8E-741D11172875}.Release|x86.ActiveCfg = Release|Any CPU
		{4DF7CC01-1CFA-456E-8F8E-741D11172875}.Release|x86.Build.0 = Release|Any CPU
		{FFA39844-83EA-463B-B237-7F041EC48C6C}.Debug|Any CPU.ActiveCfg = Debug|Any CPU
		{FFA39844-83EA-463B-B237-7F041EC48C6C}.Debug|Any CPU.Build.0 = Debug|Any CPU
		{FFA39844-83EA-463B-B237-7F041EC48C6C}.Debug|x64.ActiveCfg = Debug|Any CPU
		{FFA39844-83EA-463B-B237-7F041EC48C6C}.Debug|x64.Build.0 = Debug|Any CPU
		{FFA39844-83EA-463B-B237-7F041EC48C6C}.Debug|x86.ActiveCfg = Debug|Any CPU
		{FFA39844-83EA-463B-B237-7F041EC48C6C}.Debug|x86.Build.0 = Debug|Any CPU
		{FFA39844-83EA-463B-B237-7F041EC48C6C}.Release|Any CPU.ActiveCfg = Release|Any CPU
		{FFA39844-83EA-463B-B237-7F041EC48C6C}.Release|Any CPU.Build.0 = Release|Any CPU
		{FFA39844-83EA-463B-B237-7F041EC48C6C}.Release|x64.ActiveCfg = Release|Any CPU
		{FFA39844-83EA-463B-B237-7F041EC48C6C}.Release|x64.Build.0 = Release|Any CPU
		{FFA39844-83EA-463B-B237-7F041EC48C6C}.Release|x86.ActiveCfg = Release|Any CPU
		{FFA39844-83EA-463B-B237-7F041EC48C6C}.Release|x86.Build.0 = Release|Any CPU
		{A66147B4-2DFA-479C-BB7E-67FF0896697D}.Debug|Any CPU.ActiveCfg = Debug|Any CPU
		{A66147B4-2DFA-479C-BB7E-67FF0896697D}.Debug|Any CPU.Build.0 = Debug|Any CPU
		{A66147B4-2DFA-479C-BB7E-67FF0896697D}.Debug|x64.ActiveCfg = Debug|Any CPU
		{A66147B4-2DFA-479C-BB7E-67FF0896697D}.Debug|x64.Build.0 = Debug|Any CPU
		{A66147B4-2DFA-479C-BB7E-67FF0896697D}.Debug|x86.ActiveCfg = Debug|Any CPU
		{A66147B4-2DFA-479C-BB7E-67FF0896697D}.Debug|x86.Build.0 = Debug|Any CPU
		{A66147B4-2DFA-479C-BB7E-67FF0896697D}.Release|Any CPU.ActiveCfg = Release|Any CPU
		{A66147B4-2DFA-479C-BB7E-67FF0896697D}.Release|Any CPU.Build.0 = Release|Any CPU
		{A66147B4-2DFA-479C-BB7E-67FF0896697D}.Release|x64.ActiveCfg = Release|Any CPU
		{A66147B4-2DFA-479C-BB7E-67FF0896697D}.Release|x64.Build.0 = Release|Any CPU
		{A66147B4-2DFA-479C-BB7E-67FF0896697D}.Release|x86.ActiveCfg = Release|Any CPU
		{A66147B4-2DFA-479C-BB7E-67FF0896697D}.Release|x86.Build.0 = Release|Any CPU
		{1497FB2D-3F5A-4A85-B3EC-AA5F812BEE2E}.Debug|Any CPU.ActiveCfg = Debug|Any CPU
		{1497FB2D-3F5A-4A85-B3EC-AA5F812BEE2E}.Debug|Any CPU.Build.0 = Debug|Any CPU
		{1497FB2D-3F5A-4A85-B3EC-AA5F812BEE2E}.Debug|x64.ActiveCfg = Debug|Any CPU
		{1497FB2D-3F5A-4A85-B3EC-AA5F812BEE2E}.Debug|x64.Build.0 = Debug|Any CPU
		{1497FB2D-3F5A-4A85-B3EC-AA5F812BEE2E}.Debug|x86.ActiveCfg = Debug|Any CPU
		{1497FB2D-3F5A-4A85-B3EC-AA5F812BEE2E}.Debug|x86.Build.0 = Debug|Any CPU
		{1497FB2D-3F5A-4A85-B3EC-AA5F812BEE2E}.Release|Any CPU.ActiveCfg = Release|Any CPU
		{1497FB2D-3F5A-4A85-B3EC-AA5F812BEE2E}.Release|Any CPU.Build.0 = Release|Any CPU
		{1497FB2D-3F5A-4A85-B3EC-AA5F812BEE2E}.Release|x64.ActiveCfg = Release|Any CPU
		{1497FB2D-3F5A-4A85-B3EC-AA5F812BEE2E}.Release|x64.Build.0 = Release|Any CPU
		{1497FB2D-3F5A-4A85-B3EC-AA5F812BEE2E}.Release|x86.ActiveCfg = Release|Any CPU
		{1497FB2D-3F5A-4A85-B3EC-AA5F812BEE2E}.Release|x86.Build.0 = Release|Any CPU
		{C2E61618-6FA8-49B7-A047-360041EE1348}.Debug|Any CPU.ActiveCfg = Debug|Any CPU
		{C2E61618-6FA8-49B7-A047-360041EE1348}.Debug|Any CPU.Build.0 = Debug|Any CPU
		{C2E61618-6FA8-49B7-A047-360041EE1348}.Debug|x64.ActiveCfg = Debug|Any CPU
		{C2E61618-6FA8-49B7-A047-360041EE1348}.Debug|x64.Build.0 = Debug|Any CPU
		{C2E61618-6FA8-49B7-A047-360041EE1348}.Debug|x86.ActiveCfg = Debug|Any CPU
		{C2E61618-6FA8-49B7-A047-360041EE1348}.Debug|x86.Build.0 = Debug|Any CPU
		{C2E61618-6FA8-49B7-A047-360041EE1348}.Release|Any CPU.ActiveCfg = Release|Any CPU
		{C2E61618-6FA8-49B7-A047-360041EE1348}.Release|Any CPU.Build.0 = Release|Any CPU
		{C2E61618-6FA8-49B7-A047-360041EE1348}.Release|x64.ActiveCfg = Release|Any CPU
		{C2E61618-6FA8-49B7-A047-360041EE1348}.Release|x64.Build.0 = Release|Any CPU
		{C2E61618-6FA8-49B7-A047-360041EE1348}.Release|x86.ActiveCfg = Release|Any CPU
		{C2E61618-6FA8-49B7-A047-360041EE1348}.Release|x86.Build.0 = Release|Any CPU
		{975D5135-16B6-419B-8F54-99FAD9D3AC1F}.Debug|Any CPU.ActiveCfg = Debug|Any CPU
		{975D5135-16B6-419B-8F54-99FAD9D3AC1F}.Debug|Any CPU.Build.0 = Debug|Any CPU
		{975D5135-16B6-419B-8F54-99FAD9D3AC1F}.Debug|x64.ActiveCfg = Debug|Any CPU
		{975D5135-16B6-419B-8F54-99FAD9D3AC1F}.Debug|x64.Build.0 = Debug|Any CPU
		{975D5135-16B6-419B-8F54-99FAD9D3AC1F}.Debug|x86.ActiveCfg = Debug|Any CPU
		{975D5135-16B6-419B-8F54-99FAD9D3AC1F}.Debug|x86.Build.0 = Debug|Any CPU
		{975D5135-16B6-419B-8F54-99FAD9D3AC1F}.Release|Any CPU.ActiveCfg = Release|Any CPU
		{975D5135-16B6-419B-8F54-99FAD9D3AC1F}.Release|Any CPU.Build.0 = Release|Any CPU
		{975D5135-16B6-419B-8F54-99FAD9D3AC1F}.Release|x64.ActiveCfg = Release|Any CPU
		{975D5135-16B6-419B-8F54-99FAD9D3AC1F}.Release|x64.Build.0 = Release|Any CPU
		{975D5135-16B6-419B-8F54-99FAD9D3AC1F}.Release|x86.ActiveCfg = Release|Any CPU
		{975D5135-16B6-419B-8F54-99FAD9D3AC1F}.Release|x86.Build.0 = Release|Any CPU
		{F07B87FB-2EB1-4BE1-83EB-31E106EAE4FD}.Debug|Any CPU.ActiveCfg = Debug|Any CPU
		{F07B87FB-2EB1-4BE1-83EB-31E106EAE4FD}.Debug|Any CPU.Build.0 = Debug|Any CPU
		{F07B87FB-2EB1-4BE1-83EB-31E106EAE4FD}.Debug|x64.ActiveCfg = Debug|Any CPU
		{F07B87FB-2EB1-4BE1-83EB-31E106EAE4FD}.Debug|x64.Build.0 = Debug|Any CPU
		{F07B87FB-2EB1-4BE1-83EB-31E106EAE4FD}.Debug|x86.ActiveCfg = Debug|Any CPU
		{F07B87FB-2EB1-4BE1-83EB-31E106EAE4FD}.Debug|x86.Build.0 = Debug|Any CPU
		{F07B87FB-2EB1-4BE1-83EB-31E106EAE4FD}.Release|Any CPU.ActiveCfg = Release|Any CPU
		{F07B87FB-2EB1-4BE1-83EB-31E106EAE4FD}.Release|Any CPU.Build.0 = Release|Any CPU
		{F07B87FB-2EB1-4BE1-83EB-31E106EAE4FD}.Release|x64.ActiveCfg = Release|Any CPU
		{F07B87FB-2EB1-4BE1-83EB-31E106EAE4FD}.Release|x64.Build.0 = Release|Any CPU
		{F07B87FB-2EB1-4BE1-83EB-31E106EAE4FD}.Release|x86.ActiveCfg = Release|Any CPU
		{F07B87FB-2EB1-4BE1-83EB-31E106EAE4FD}.Release|x86.Build.0 = Release|Any CPU
	EndGlobalSection
	GlobalSection(SolutionProperties) = preSolution
		HideSolutionNode = FALSE
	EndGlobalSection
	GlobalSection(NestedProjects) = preSolution
		{616ABE1D-71D9-4AAF-B2E1-104DA951F339} = {5890FEC5-2A3A-40D1-B2E1-5BC93B71A653}
		{4DF7CC01-1CFA-456E-8F8E-741D11172875} = {5890FEC5-2A3A-40D1-B2E1-5BC93B71A653}
		{A66147B4-2DFA-479C-BB7E-67FF0896697D} = {9C82F70F-0C04-9B38-DEAC-7E6221A99689}
		{1497FB2D-3F5A-4A85-B3EC-AA5F812BEE2E} = {9C82F70F-0C04-9B38-DEAC-7E6221A99689}
		{C2E61618-6FA8-49B7-A047-360041EE1348} = {9C82F70F-0C04-9B38-DEAC-7E6221A99689}
		{FFC8597C-B27A-5F47-7177-2BCEF6AF596E} = {9C82F70F-0C04-9B38-DEAC-7E6221A99689}
		{975D5135-16B6-419B-8F54-99FAD9D3AC1F} = {FFC8597C-B27A-5F47-7177-2BCEF6AF596E}
	EndGlobalSection
EndGlobal
